
Microsoft Visual Studio Solution File, Format Version 12.00
# Visual Studio 15
VisualStudioVersion = 15.0.28307.1622
MinimumVisualStudioVersion = 10.0.40219.1
Project("{8BC9CEB8-8B4A-11D0-8D11-00A0C91BC942}") = "app3", "app3\app3.vcxproj", "{9471799D-6842-49DD-BC31-9AC21D31395C}"
EndProject
Global
	GlobalSection(SolutionConfigurationPlatforms) = preSolution
		Debug|x64 = Debug|x64
		Debug|x86 = Debug|x86
		Release|x64 = Release|x64
		Release|x86 = Release|x86
	EndGlobalSection
	GlobalSection(ProjectConfigurationPlatforms) = postSolution
		{9471799D-6842-49DD-BC31-9AC21D31395C}.Debug|x64.ActiveCfg = Debug|x64
		{9471799D-6842-49DD-BC31-9AC21D31395C}.Debug|x64.Build.0 = Debug|x64
		{9471799D-6842-49DD-BC31-9AC21D31395C}.Debug|x86.ActiveCfg = Debug|Win32
		{9471799D-6842-49DD-BC31-9AC21D31395C}.Debug|x86.Build.0 = Debug|Win32
		{9471799D-6842-49DD-BC31-9AC21D31395C}.Release|x64.ActiveCfg = Release|x64
		{9471799D-6842-49DD-BC31-9AC21D31395C}.Release|x64.Build.0 = Release|x64
		{9471799D-6842-49DD-BC31-9AC21D31395C}.Release|x86.ActiveCfg = Release|Win32
		{9471799D-6842-49DD-BC31-9AC21D31395C}.Release|x86.Build.0 = Release|Win32
	EndGlobalSection
	GlobalSection(SolutionProperties) = preSolution
		HideSolutionNode = FALSE
	EndGlobalSection
	GlobalSection(ExtensibilityGlobals) = postSolution
		SolutionGuid = {89A95F93-172A-41B9-AFCD-8B10E91C691A}
	EndGlobalSection
EndGlobal
